
Microsoft Visual Studio Solution File, Format Version 12.00
# Visual Studio Version 16
VisualStudioVersion = 16.0.31424.327
MinimumVisualStudioVersion = 10.0.40219.1
Project("{FAE04EC0-301F-11D3-BF4B-00C04F79EFBC}") = "gyak07_eu810u", "gyak07_eu810u\gyak07_eu810u.csproj", "{B3894944-87DF-4441-AD18-96A57384714E}"
EndProject
Global
	GlobalSection(SolutionConfigurationPlatforms) = preSolution
		Debug|Any CPU = Debug|Any CPU
		Release|Any CPU = Release|Any CPU
	EndGlobalSection
	GlobalSection(ProjectConfigurationPlatforms) = postSolution
		{B3894944-87DF-4441-AD18-96A57384714E}.Debug|Any CPU.ActiveCfg = Debug|Any CPU
		{B3894944-87DF-4441-AD18-96A57384714E}.Debug|Any CPU.Build.0 = Debug|Any CPU
		{B3894944-87DF-4441-AD18-96A57384714E}.Release|Any CPU.ActiveCfg = Release|Any CPU
		{B3894944-87DF-4441-AD18-96A57384714E}.Release|Any CPU.Build.0 = Release|Any CPU
	EndGlobalSection
	GlobalSection(SolutionProperties) = preSolution
		HideSolutionNode = FALSE
	EndGlobalSection
	GlobalSection(ExtensibilityGlobals) = postSolution
		SolutionGuid = {260E45A6-FF5E-40B8-ACCC-4002DE2D6EA9}
	EndGlobalSection
EndGlobal
