
Microsoft Visual Studio Solution File, Format Version 12.00
# Visual Studio Version 16
VisualStudioVersion = 16.0.31424.327
MinimumVisualStudioVersion = 10.0.40219.1
Project("{FAE04EC0-301F-11D3-BF4B-00C04F79EFBC}") = "gyak06_eu810u", "gyak06_eu810u\gyak06_eu810u.csproj", "{22DF5349-3A81-43F0-BC37-95901273F22C}"
EndProject
Global
	GlobalSection(SolutionConfigurationPlatforms) = preSolution
		Debug|Any CPU = Debug|Any CPU
		Release|Any CPU = Release|Any CPU
	EndGlobalSection
	GlobalSection(ProjectConfigurationPlatforms) = postSolution
		{22DF5349-3A81-43F0-BC37-95901273F22C}.Debug|Any CPU.ActiveCfg = Debug|Any CPU
		{22DF5349-3A81-43F0-BC37-95901273F22C}.Debug|Any CPU.Build.0 = Debug|Any CPU
		{22DF5349-3A81-43F0-BC37-95901273F22C}.Release|Any CPU.ActiveCfg = Release|Any CPU
		{22DF5349-3A81-43F0-BC37-95901273F22C}.Release|Any CPU.Build.0 = Release|Any CPU
	EndGlobalSection
	GlobalSection(SolutionProperties) = preSolution
		HideSolutionNode = FALSE
	EndGlobalSection
	GlobalSection(ExtensibilityGlobals) = postSolution
		SolutionGuid = {85AE8CB1-00AE-4EFF-B09B-0B2A3046CAFA}
	EndGlobalSection
EndGlobal
