
Microsoft Visual Studio Solution File, Format Version 12.00
# Visual Studio Version 16
VisualStudioVersion = 16.0.31424.327
MinimumVisualStudioVersion = 10.0.40219.1
Project("{FAE04EC0-301F-11D3-BF4B-00C04F79EFBC}") = "UserMaintenance", "UserMaintenance\UserMaintenance.csproj", "{7F07C933-C84B-4E82-8EF6-067EA4D85C0B}"
EndProject
Global
	GlobalSection(SolutionConfigurationPlatforms) = preSolution
		Debug|Any CPU = Debug|Any CPU
		Release|Any CPU = Release|Any CPU
	EndGlobalSection
	GlobalSection(ProjectConfigurationPlatforms) = postSolution
		{7F07C933-C84B-4E82-8EF6-067EA4D85C0B}.Debug|Any CPU.ActiveCfg = Debug|Any CPU
		{7F07C933-C84B-4E82-8EF6-067EA4D85C0B}.Debug|Any CPU.Build.0 = Debug|Any CPU
		{7F07C933-C84B-4E82-8EF6-067EA4D85C0B}.Release|Any CPU.ActiveCfg = Release|Any CPU
		{7F07C933-C84B-4E82-8EF6-067EA4D85C0B}.Release|Any CPU.Build.0 = Release|Any CPU
	EndGlobalSection
	GlobalSection(SolutionProperties) = preSolution
		HideSolutionNode = FALSE
	EndGlobalSection
	GlobalSection(ExtensibilityGlobals) = postSolution
		SolutionGuid = {2AE77342-455F-43DF-9808-3E2BB0699346}
	EndGlobalSection
EndGlobal
